
Microsoft Visual Studio Solution File, Format Version 12.00
# Visual Studio Version 17
VisualStudioVersion = 17.3.32929.385
MinimumVisualStudioVersion = 10.0.40219.1
Project("{FAE04EC0-301F-11D3-BF4B-00C04F79EFBC}") = "No Foreign Xenotype Wanderer Join Events", "No Foreign Xenotype Wanderer Join Events.csproj", "{58825711-B549-40FB-848B-A537CB2B841F}"
EndProject
Global
	GlobalSection(SolutionConfigurationPlatforms) = preSolution
		Debug|Any CPU = Debug|Any CPU
		Release|Any CPU = Release|Any CPU
	EndGlobalSection
	GlobalSection(ProjectConfigurationPlatforms) = postSolution
		{58825711-B549-40FB-848B-A537CB2B841F}.Debug|Any CPU.ActiveCfg = Debug|Any CPU
		{58825711-B549-40FB-848B-A537CB2B841F}.Debug|Any CPU.Build.0 = Debug|Any CPU
		{58825711-B549-40FB-848B-A537CB2B841F}.Release|Any CPU.ActiveCfg = Release|Any CPU
		{58825711-B549-40FB-848B-A537CB2B841F}.Release|Any CPU.Build.0 = Release|Any CPU
	EndGlobalSection
	GlobalSection(SolutionProperties) = preSolution
		HideSolutionNode = FALSE
	EndGlobalSection
	GlobalSection(ExtensibilityGlobals) = postSolution
		SolutionGuid = {F9AE2FC9-9287-43DE-8895-9FF074DB8337}
	EndGlobalSection
EndGlobal
